<?xml version="1.0" encoding="utf-8"?>
<Project ToolsVersion="4.0" xmlns="http://schemas.microsoft.com/developer/msbuild/2003">
  <ItemGroup>
    <FxCompile Include="VertexShader.hlsl">
      <Filter>SpriteShaders</Filter>
    </FxCompile>
    <FxCompile Include="PixelShader.hlsl">
      <Filter>SpriteShaders</Filter>
    </FxCompile>
  </ItemGroup>
  <ItemGroup>
    <ClCompile Include="Connector.cpp">
      <Filter>Source</Filter>
    </ClCompile>
    <ClCompile Include="GDI_picture_loader.cpp">
      <Filter>Source</Filter>
    </ClCompile>
    <ClCompile Include="GDIPlusController.cpp">
      <Filter>Source</Filter>
    </ClCompile>
    <ClCompile Include="graphicsControl.cpp">
      <Filter>Source</Filter>
    </ClCompile>
    <ClCompile Include="graphicsException.cpp">
      <Filter>Source</Filter>
    </ClCompile>
    <ClCompile Include="main.cpp">
      <Filter>Source</Filter>
    </ClCompile>
    <ClCompile Include="windowSystem.cpp">
      <Filter>Source</Filter>
    </ClCompile>
    <ClCompile Include="WinKeyboard.cpp">
      <Filter>Source</Filter>
    </ClCompile>
    <ClCompile Include="WinMouse.cpp">
      <Filter>Source</Filter>
    </ClCompile>
    <ClCompile Include="Sprite.cpp">
      <Filter>Source</Filter>
    </ClCompile>
  </ItemGroup>
  <ItemGroup>
    <ClInclude Include="_conditions.h">
      <Filter>Headers</Filter>
    </ClInclude>
    <ClInclude Include="gApp.h">
      <Filter>Headers</Filter>
    </ClInclude>
    <ClInclude Include="GDIPlusController.h">
      <Filter>Headers</Filter>
    </ClInclude>
    <ClInclude Include="graphicsControl.h">
      <Filter>Headers</Filter>
    </ClInclude>
    <ClInclude Include="graphicsException.h">
      <Filter>Headers</Filter>
    </ClInclude>
    <ClInclude Include="Sprite.h">
      <Filter>Headers</Filter>
    </ClInclude>
    <ClInclude Include="windowSystem.h">
      <Filter>Headers</Filter>
    </ClInclude>
    <ClInclude Include="WinKeyboard.h">
      <Filter>Headers</Filter>
    </ClInclude>
    <ClInclude Include="WinMouse.h">
      <Filter>Headers</Filter>
    </ClInclude>
    <ClInclude Include="autoDraw.h">
      <Filter>Headers</Filter>
    </ClInclude>
  </ItemGroup>
  <ItemGroup>
    <Filter Include="Headers">
      <UniqueIdentifier>{7a12acdd-7c25-4d68-8916-7531d2b11c22}</UniqueIdentifier>
    </Filter>
    <Filter Include="Source">
      <UniqueIdentifier>{5f3be957-0387-4913-a3bb-cb38c84dc299}</UniqueIdentifier>
    </Filter>
    <Filter Include="SpriteShaders">
      <UniqueIdentifier>{d3a4eddd-8890-4897-ab7e-62ebe5d46ae5}</UniqueIdentifier>
    </Filter>
    <Filter Include="Resources">
      <UniqueIdentifier>{59310b9d-fafd-474f-912f-ab72dc6db22e}</UniqueIdentifier>
    </Filter>
  </ItemGroup>
  <ItemGroup>
    <Image Include="Sprites\bigSprite.jpg">
      <Filter>Resources</Filter>
    </Image>
    <Image Include="Sprites\chest_with_tongue_pixels.png">
      <Filter>Resources</Filter>
    </Image>
    <Image Include="Sprites\photo_2024-08-20_15-43-51.jpg">
      <Filter>Resources</Filter>
    </Image>
    <Image Include="Sprites\Screenshot_2.png">
      <Filter>Resources</Filter>
    </Image>
    <Image Include="Sprites\spaceShip.png">
      <Filter>Resources</Filter>
    </Image>
  </ItemGroup>
</Project>